{
  "name": "A25-Team-Project",
  "lockfileVersion": 3,
  "requires": true,
  "packages": {
    "": {
      "dependencies": {
        "convertapi-js": "^1.0.8"
      }
    },
    "node_modules/convertapi-js": {
      "version": "1.0.8",
      "resolved": "https://registry.npmjs.org/convertapi-js/-/convertapi-js-1.0.8.tgz",
      "integrity": "sha512-iuwiXXyUEL4MqQgW7j/wRkxtaN4QrY1D9P/XEcumTHOEUSgvUe7idzvmDxAP+6eO+ZJ4FHQmZ8D9wjKDPy08bg=="
    }
  }
}
